lockfileVersion: 5.4

specifiers:
  '@tauri-apps/api': ^1.2.0
  nanoevents: ^7.0.1

dependencies:
  '@tauri-apps/api': 1.2.0
  nanoevents: 7.0.1

packages:

  /@tauri-apps/api/1.2.0:
    resolution: {integrity: sha512-lsI54KI6HGf7VImuf/T9pnoejfgkNoXveP14pVV7XarrQ46rOejIVJLFqHI9sRReJMGdh2YuCoI3cc/yCWCsrw==}
    engines: {node: '>= 14.6.0', npm: '>= 6.6.0', yarn: '>= 1.19.1'}
    dev: false

  /nanoevents/7.0.1:
    resolution: {integrity: sha512-o6lpKiCxLeijK4hgsqfR6CNToPyRU3keKyyI6uwuHRvpRTbZ0wXw51WRgyldVugZqoJfkGFrjrIenYH3bfEO3Q==}
    engines: {node: ^14.0.0 || ^16.0.0 || >=18.0.0}
    dev: false
