{
	"name": "graphite-frontend-glue",
	"lockfileVersion": 2,
	"requires": true,
	"packages": {
		"": {
			"name": "graphite-frontend-glue",
			"license": "Apache-2.0",
			"dependencies": {
				"@tauri-apps/api": "^1.2.0",
				"class-transformer": "^0.5.1",
				"graphite-wasm": "file:../../../wasm/pkg",
				"graphite-web-frontend": "file:../.."
			}
		},
		"../..": {
			"license": "Apache-2.0",
			"dependencies": {
				"@tauri-apps/api": "^1.2.0",
				"class-transformer": "^0.5.1",
				"graphite-frontend-glue": "file:src/wasm-communication",
				"idb-keyval": "^6.2.0",
				"reflect-metadata": "^0.1.13",
				"vue": "^3.2.26"
			},
			"devDependencies": {
				"@typescript-eslint/eslint-plugin": "^5.43.0",
				"@typescript-eslint/parser": "^5.43.0",
				"@vue/cli-plugin-eslint": "^5.0.8",
				"@vue/cli-plugin-typescript": "^5.0.8",
				"@vue/cli-service": "^5.0.8",
				"@vue/compiler-sfc": "^3.2.31",
				"@vue/eslint-config-airbnb": "^6.0.0",
				"@vue/eslint-config-typescript": "^11.0.2",
				"@wasm-tool/wasm-pack-plugin": "^1.6.0",
				"eslint": "^8.27.0",
				"eslint-config-prettier": "^8.5.0",
				"eslint-plugin-import": "^2.26.0",
				"eslint-plugin-prettier-vue": "^4.2.0",
				"eslint-plugin-vue": "^9.7.0",
				"license-checker-webpack-plugin": "^0.2.1",
				"prettier": "^2.7.1",
				"sass": "^1.56.1",
				"sass-loader": "^13.2.0",
				"typescript": "^4.9.3",
				"vue-cli-plugin-tauri": "~1.0.0",
				"vue-loader": "^17.0.1",
				"vue-template-compiler": "^2.7.14"
			},
			"optionalDependencies": {
				"wasm-pack": "^0.10.3"
			}
		},
		"../../../wasm/pkg": {
			"version": "0.0.0",
			"license": "Apache-2.0"
		},
		"node_modules/@tauri-apps/api": {
			"version": "1.2.0",
			"resolved": "https://registry.npmjs.org/@tauri-apps/api/-/api-1.2.0.tgz",
			"integrity": "sha512-lsI54KI6HGf7VImuf/T9pnoejfgkNoXveP14pVV7XarrQ46rOejIVJLFqHI9sRReJMGdh2YuCoI3cc/yCWCsrw==",
			"engines": {
				"node": ">= 14.6.0",
				"npm": ">= 6.6.0",
				"yarn": ">= 1.19.1"
			},
			"funding": {
				"type": "opencollective",
				"url": "https://opencollective.com/tauri"
			}
		},
		"node_modules/class-transformer": {
			"version": "0.5.1",
			"resolved": "https://registry.npmjs.org/class-transformer/-/class-transformer-0.5.1.tgz",
			"integrity": "sha512-SQa1Ws6hUbfC98vKGxZH3KFY0Y1lm5Zm0SY8XX9zbK7FJCyVEac3ATW0RIpwzW+oOfmHE5PMPufDG9hCfoEOMw=="
		},
		"node_modules/graphite-wasm": {
			"resolved": "../../../wasm/pkg",
			"link": true
		},
		"node_modules/graphite-web-frontend": {
			"resolved": "../..",
			"link": true
		}
	},
	"dependencies": {
		"@tauri-apps/api": {
			"version": "1.2.0",
			"resolved": "https://registry.npmjs.org/@tauri-apps/api/-/api-1.2.0.tgz",
			"integrity": "sha512-lsI54KI6HGf7VImuf/T9pnoejfgkNoXveP14pVV7XarrQ46rOejIVJLFqHI9sRReJMGdh2YuCoI3cc/yCWCsrw=="
		},
		"class-transformer": {
			"version": "0.5.1",
			"resolved": "https://registry.npmjs.org/class-transformer/-/class-transformer-0.5.1.tgz",
			"integrity": "sha512-SQa1Ws6hUbfC98vKGxZH3KFY0Y1lm5Zm0SY8XX9zbK7FJCyVEac3ATW0RIpwzW+oOfmHE5PMPufDG9hCfoEOMw=="
		},
		"graphite-wasm": {
			"version": "file:../../../wasm/pkg"
		},
		"graphite-web-frontend": {
			"version": "file:../..",
			"requires": {
				"@tauri-apps/api": "^1.2.0",
				"@typescript-eslint/eslint-plugin": "^5.43.0",
				"@typescript-eslint/parser": "^5.43.0",
				"@vue/cli-plugin-eslint": "^5.0.8",
				"@vue/cli-plugin-typescript": "^5.0.8",
				"@vue/cli-service": "^5.0.8",
				"@vue/compiler-sfc": "^3.2.31",
				"@vue/eslint-config-airbnb": "^6.0.0",
				"@vue/eslint-config-typescript": "^11.0.2",
				"@wasm-tool/wasm-pack-plugin": "^1.6.0",
				"class-transformer": "^0.5.1",
				"eslint": "^8.27.0",
				"eslint-config-prettier": "^8.5.0",
				"eslint-plugin-import": "^2.26.0",
				"eslint-plugin-prettier-vue": "^4.2.0",
				"eslint-plugin-vue": "^9.7.0",
				"graphite-frontend-glue": "file:src/wasm-communication",
				"idb-keyval": "^6.2.0",
				"license-checker-webpack-plugin": "^0.2.1",
				"prettier": "^2.7.1",
				"reflect-metadata": "^0.1.13",
				"sass": "^1.56.1",
				"sass-loader": "^13.2.0",
				"typescript": "^4.9.3",
				"vue": "^3.2.26",
				"vue-cli-plugin-tauri": "~1.0.0",
				"vue-loader": "^17.0.1",
				"vue-template-compiler": "^2.7.14",
				"wasm-pack": "^0.10.3"
			}
		}
	}
}
