lockfileVersion: 5.4

specifiers:
  '@tauri-apps/api': ^1.2.0
  class-transformer: ^0.5.1

dependencies:
  '@tauri-apps/api': 1.2.0
  class-transformer: 0.5.1

packages:

  /@tauri-apps/api/1.2.0:
    resolution: {integrity: sha512-lsI54KI6HGf7VImuf/T9pnoejfgkNoXveP14pVV7XarrQ46rOejIVJLFqHI9sRReJMGdh2YuCoI3cc/yCWCsrw==}
    engines: {node: '>= 14.6.0', npm: '>= 6.6.0', yarn: '>= 1.19.1'}
    dev: false

  /class-transformer/0.5.1:
    resolution: {integrity: sha512-SQa1Ws6hUbfC98vKGxZH3KFY0Y1lm5Zm0SY8XX9zbK7FJCyVEac3ATW0RIpwzW+oOfmHE5PMPufDG9hCfoEOMw==}
    dev: false
